
Microsoft Visual Studio Solution File, Format Version 12.00
# Visual Studio Version 16
VisualStudioVersion = 16.0.31424.327
MinimumVisualStudioVersion = 10.0.40219.1
Project("{FAE04EC0-301F-11D3-BF4B-00C04F79EFBC}") = "IntegrationTesting", "IntegrationTesting\IntegrationTesting.csproj", "{B919D921-8A0A-4E5C-B677-71E61E856266}"
EndProject
Project("{FAE04EC0-301F-11D3-BF4B-00C04F79EFBC}") = "Tests", "Tests\Tests.csproj", "{FEB55758-742F-44AE-AF43-60878235D873}"
EndProject
Global
	GlobalSection(SolutionConfigurationPlatforms) = preSolution
		Debug|Any CPU = Debug|Any CPU
		Release|Any CPU = Release|Any CPU
	EndGlobalSection
	GlobalSection(ProjectConfigurationPlatforms) = postSolution
		{B919D921-8A0A-4E5C-B677-71E61E856266}.Debug|Any CPU.ActiveCfg = Debug|Any CPU
		{B919D921-8A0A-4E5C-B677-71E61E856266}.Debug|Any CPU.Build.0 = Debug|Any CPU
		{B919D921-8A0A-4E5C-B677-71E61E856266}.Release|Any CPU.ActiveCfg = Release|Any CPU
		{B919D921-8A0A-4E5C-B677-71E61E856266}.Release|Any CPU.Build.0 = Release|Any CPU
		{FEB55758-742F-44AE-AF43-60878235D873}.Debug|Any CPU.ActiveCfg = Debug|Any CPU
		{FEB55758-742F-44AE-AF43-60878235D873}.Debug|Any CPU.Build.0 = Debug|Any CPU
		{FEB55758-742F-44AE-AF43-60878235D873}.Release|Any CPU.ActiveCfg = Release|Any CPU
		{FEB55758-742F-44AE-AF43-60878235D873}.Release|Any CPU.Build.0 = Release|Any CPU
	EndGlobalSection
	GlobalSection(SolutionProperties) = preSolution
		HideSolutionNode = FALSE
	EndGlobalSection
	GlobalSection(ExtensibilityGlobals) = postSolution
		SolutionGuid = {DBB46686-B703-42CB-8112-9E27760851A7}
	EndGlobalSection
EndGlobal
